
Microsoft Visual Studio Solution File, Format Version 12.00
# Visual Studio Version 17
VisualStudioVersion = 17.4.33213.308
MinimumVisualStudioVersion = 10.0.40219.1
Project("{FAE04EC0-301F-11D3-BF4B-00C04F79EFBC}") = "function_dephts", "function_dephts\function_dephts.csproj", "{ACF0FCBE-F56E-465C-9354-B4417D871F25}"
EndProject
Global
	GlobalSection(SolutionConfigurationPlatforms) = preSolution
		Debug|Any CPU = Debug|Any CPU
		Release|Any CPU = Release|Any CPU
	EndGlobalSection
	GlobalSection(ProjectConfigurationPlatforms) = postSolution
		{ACF0FCBE-F56E-465C-9354-B4417D871F25}.Debug|Any CPU.ActiveCfg = Debug|Any CPU
		{ACF0FCBE-F56E-465C-9354-B4417D871F25}.Debug|Any CPU.Build.0 = Debug|Any CPU
		{ACF0FCBE-F56E-465C-9354-B4417D871F25}.Release|Any CPU.ActiveCfg = Release|Any CPU
		{ACF0FCBE-F56E-465C-9354-B4417D871F25}.Release|Any CPU.Build.0 = Release|Any CPU
	EndGlobalSection
	GlobalSection(SolutionProperties) = preSolution
		HideSolutionNode = FALSE
	EndGlobalSection
	GlobalSection(ExtensibilityGlobals) = postSolution
		SolutionGuid = {5D342CD7-1812-4C66-9923-30AC94B750FB}
	EndGlobalSection
EndGlobal
